
Microsoft Visual Studio Solution File, Format Version 12.00
# Visual Studio Version 17
VisualStudioVersion = 17.0.32014.148
MinimumVisualStudioVersion = 10.0.40219.1
Project("{FAE04EC0-301F-11D3-BF4B-00C04F79EFBC}") = "Greetings", "Greetings\Greetings.csproj", "{D64BE931-EC01-4D4E-9506-5D39E4A3B2D4}"
EndProject
Global
	GlobalSection(SolutionConfigurationPlatforms) = preSolution
		Debug|Any CPU = Debug|Any CPU
		Release|Any CPU = Release|Any CPU
	EndGlobalSection
	GlobalSection(ProjectConfigurationPlatforms) = postSolution
		{D64BE931-EC01-4D4E-9506-5D39E4A3B2D4}.Debug|Any CPU.ActiveCfg = Debug|Any CPU
		{D64BE931-EC01-4D4E-9506-5D39E4A3B2D4}.Debug|Any CPU.Build.0 = Debug|Any CPU
		{D64BE931-EC01-4D4E-9506-5D39E4A3B2D4}.Release|Any CPU.ActiveCfg = Release|Any CPU
		{D64BE931-EC01-4D4E-9506-5D39E4A3B2D4}.Release|Any CPU.Build.0 = Release|Any CPU
	EndGlobalSection
	GlobalSection(SolutionProperties) = preSolution
		HideSolutionNode = FALSE
	EndGlobalSection
	GlobalSection(ExtensibilityGlobals) = postSolution
		SolutionGuid = {C46EA251-B646-41BF-984F-38E9B2910CC7}
	EndGlobalSection
EndGlobal
